{
  "nodes": {
    "a2b": {
      "inputs": {
        "flake-parts": [
          "flake-parts"
        ],
        "mangopkgs": "mangopkgs",
        "nixpkgs": [
          "nixpkgs"
        ],
        "pulumi2nix": "pulumi2nix",
        "pulumipkgs": "pulumipkgs",
        "systems": [
          "systems"
        ],
        "treefmt-nix": [
          "treefmt-nix"
        ]
      },
      "locked": {
        "lastModified": 1790552753,
        "narHash": "sha256-UCVGg8WW2dvCpnQuukatFiaD9cNncp4eHw83iloYIxc=",
        "owner": "UnstoppableMango",
        "repo": "a2b",
        "rev": "fac02cdbd363a21ec2040a6c39f3cbb56a7dd8dd",
        "type": "github"
      },
      "original": {
        "owner": "UnstoppableMango",
        "repo": "a2b",
        "type": "github"
      }
    },
    "flake-parts": {
      "inputs": {
        "nixpkgs-lib": [
          "nixpkgs"
        ]
      },
      "locked": {
        "lastModified": 1790898470,
        "narHash": "sha256-zTwuwezD0w3hpga6a6P8emidzAZFyWqlNeRBlpWOOl8=",
        "owner": "hercules-ci",
        "repo": "flake-parts",
        "rev": "024633cd702b10285db5cb19b40ad48d2399ba60",
        "type": "github"
      },
      "original": {
        "owner": "hercules-ci",
        "repo": "flake-parts",
        "type": "github"
      }
    },
    "flake-parts_2": {
      "inputs": {
        "nixpkgs-lib": [
          "mangopkgs",
          "nixpkgs"
        ]
      },
      "locked": {
        "lastModified": 1790898470,
        "narHash": "sha256-zTwuwezD0w3hpga6a6P8emidzAZFyWqlNeRBlpWOOl8=",
        "owner": "hercules-ci",
        "repo": "flake-parts",
        "rev": "024633cd702b10285db5cb19b40ad48d2399ba60",
        "type": "github"
      },
      "original": {
        "owner": "hercules-ci",
        "repo": "flake-parts",
        "type": "github"
      }
    },
    "flake-utils": {
      "inputs": {
        "systems": [
          "a2b",
          "mangopkgs",
          "systems"
        ]
      },
      "locked": {
        "lastModified": 1731533236,
        "narHash": "sha256-l0KFg5HjrsfsO/JpG+r7fRrqm12kzFHyUHqHCVpMMbI=",
        "owner": "numtide",
        "repo": "flake-utils",
        "rev": "11707dc2f618dd54ca8739b309ec4fc024de578b",
        "type": "github"
      },
      "original": {
        "owner": "numtide",
        "repo": "flake-utils",
        "type": "github"
      }
    },
    "flake-utils_2": {
      "inputs": {
        "systems": [
          "systems"
        ]
      },
      "locked": {
        "lastModified": 1731533236,
        "narHash": "sha256-l0KFg5HjrsfsO/JpG+r7fRrqm12kzFHyUHqHCVpMMbI=",
        "owner": "numtide",
        "repo": "flake-utils",
        "rev": "11707dc2f618dd54ca8739b309ec4fc024de578b",
        "type": "github"
      },
      "original": {
        "owner": "numtide",
        "repo": "flake-utils",
        "type": "github"
      }
    },
    "flake-utils_3": {
      "inputs": {
        "systems": [
          "mangopkgs",
          "systems"
        ]
      },
      "locked": {
        "lastModified": 1731533236,
        "narHash": "sha256-l0KFg5HjrsfsO/JpG+r7fRrqm12kzFHyUHqHCVpMMbI=",
        "owner": "numtide",
        "repo": "flake-utils",
        "rev": "11707dc2f618dd54ca8739b309ec4fc024de578b",
        "type": "github"
      },
      "original": {
        "owner": "numtide",
        "repo": "flake-utils",
        "type": "github"
      }
    },
    "gomod2nix": {
      "inputs": {
        "flake-utils": "flake-utils",
        "nixpkgs": [
          "a2b",
          "mangopkgs",
          "nixpkgs"
        ]
      },
      "locked": {
        "lastModified": 1784479106,
        "narHash": "sha256-OP+S5rHgQVyDh/8AOezPrqMe6lG96jOqZT0T8KTLmcI=",
        "owner": "UnstoppableMango",
        "repo": "gomod2nix",
        "rev": "303171def446cc5e6584fbc2ef579ac0c63e8d44",
        "type": "github"
      },
      "original": {
        "owner": "UnstoppableMango",
        "ref": "main",
        "repo": "gomod2nix",
        "type": "github"
      }
    },
    "gomod2nix_2": {
      "inputs": {
        "flake-utils": "flake-utils_2",
        "nixpkgs": [
          "nixpkgs"
        ]
      },
      "locked": {
        "lastModified": 1770585520,
        "narHash": "sha256-yBz9Ozd5Wb56i3e3cHZ8WcbzCQ9RlVaiW18qDYA/AzA=",
        "owner": "nix-community",
        "repo": "gomod2nix",
        "rev": "1201ddd1279c35497754f016ef33d5e060f3da8d",
        "type": "github"
      },
      "original": {
        "owner": "nix-community",
        "repo": "gomod2nix",
        "type": "github"
      }
    },
    "gomod2nix_3": {
      "inputs": {
        "flake-utils": "flake-utils_3",
        "nixpkgs": [
          "mangopkgs",
          "nixpkgs"
        ]
      },
      "locked": {
        "lastModified": 1784479106,
        "narHash": "sha256-OP+S5rHgQVyDh/8AOezPrqMe6lG96jOqZT0T8KTLmcI=",
        "owner": "UnstoppableMango",
        "repo": "gomod2nix",
        "rev": "303171def446cc5e6584fbc2ef579ac0c63e8d44",
        "type": "github"
      },
      "original": {
        "owner": "UnstoppableMango",
        "ref": "main",
        "repo": "gomod2nix",
        "type": "github"
      }
    },
    "mangonix": {
      "inputs": {
        "flake-parts": [
          "flake-parts"
        ],
        "gomod2nix": [
          "gomod2nix"
        ],
        "nixpkgs": [
          "nixpkgs"
        ],
        "systems": [
          "systems"
        ],
        "treefmt-nix": [
          "treefmt-nix"
        ]
      },
      "locked": {
        "lastModified": 1790002300,
        "narHash": "sha256-OYsEHpTX+LG/RCmvhAWRIWbgXRqxTZi+2r/mHE10Nss=",
        "owner": "UnstoppableMango",
        "repo": "nix",
        "rev": "7c60a776a1a0e95c055d21ad3e826870343b005a",
        "type": "github"
      },
      "original": {
        "owner": "UnstoppableMango",
        "repo": "nix",
        "type": "github"
      }
    },
    "mangopkgs": {
      "inputs": {
        "flake-parts": [
          "a2b",
          "flake-parts"
        ],
        "gomod2nix": "gomod2nix",
        "nix2container": "nix2container",
        "nixpkgs": [
          "a2b",
          "nixpkgs"
        ],
        "systems": [
          "a2b",
          "systems"
        ],
        "treefmt-nix": [
          "a2b",
          "treefmt-nix"
        ]
      },
      "locked": {
        "lastModified": 1789965534,
        "narHash": "sha256-cvcE0c8XUs4kL+xv6inD7qJg+2ET5nBdogj0ovdHV8w=",
        "owner": "unmango",
        "repo": "pkgs",
        "rev": "8de8883662830865bbc467e25816d0c14284130a",
        "type": "github"
      },
      "original": {
        "owner": "unmango",
        "repo": "pkgs",
        "type": "github"
      }
    },
    "mangopkgs_2": {
      "inputs": {
        "flake-parts": "flake-parts_2",
        "gomod2nix": "gomod2nix_3",
        "nix2container": "nix2container_2",
        "nixpkgs": "nixpkgs",
        "systems": "systems",
        "treefmt-nix": "treefmt-nix"
      },
      "locked": {
        "lastModified": 1791175355,
        "narHash": "sha256-zFTLbJPa1ECSED7OEWz7hJ/ZRr7/H0UO66Yq3Va8+10=",
        "owner": "unmango",
        "repo": "pkgs",
        "rev": "fecb2ab273f2fc83c329b35ddc7df64bc240b674",
        "type": "github"
      },
      "original": {
        "owner": "unmango",
        "repo": "pkgs",
        "type": "github"
      }
    },
    "nix2container": {
      "inputs": {
        "nixpkgs": [
          "a2b",
          "mangopkgs",
          "nixpkgs"
        ]
      },
      "locked": {
        "lastModified": 1788758950,
        "narHash": "sha256-b3zONUcYXZHeoeYwDZdSDCzMj0s6ubmD6NT3D7sS+jU=",
        "owner": "nlewo",
        "repo": "nix2container",
        "rev": "b6ac40ef110c12ab1651fce5ea563f7837236439",
        "type": "github"
      },
      "original": {
        "owner": "nlewo",
        "repo": "nix2container",
        "type": "github"
      }
    },
    "nix2container_2": {
      "inputs": {
        "nixpkgs": [
          "mangopkgs",
          "nixpkgs"
        ]
      },
      "locked": {
        "lastModified": 1790869397,
        "narHash": "sha256-CxcFeAsceUsh31JcX7qeW9PBRPwHcSGIqRHvbuxwSo0=",
        "owner": "nlewo",
        "repo": "nix2container",
        "rev": "937f114b389b0615932ebfed9109a04f8bbf1cf8",
        "type": "github"
      },
      "original": {
        "owner": "nlewo",
        "repo": "nix2container",
        "type": "github"
      }
    },
    "nixpkgs": {
      "locked": {
        "lastModified": 1790822859,
        "narHash": "sha256-69xHQhAeMAD2wDXO7T2pcOZIF9Sga2W+JkmY2a11Ops=",
        "owner": "nixos",
        "repo": "nixpkgs",
        "rev": "c59305bab2065cfecc4944690d9eedbb56f3a9fa",
        "type": "github"
      },
      "original": {
        "owner": "nixos",
        "ref": "nixos-unstable",
        "repo": "nixpkgs",
        "type": "github"
      }
    },
    "pulumi2nix": {
      "inputs": {
        "flake-parts": [
          "a2b",
          "flake-parts"
        ],
        "nixpkgs": [
          "a2b",
          "nixpkgs"
        ],
        "systems": [
          "a2b",
          "systems"
        ],
        "treefmt-nix": [
          "a2b",
          "treefmt-nix"
        ]
      },
      "locked": {
        "lastModified": 1789799360,
        "narHash": "sha256-PJoYkxjmaLYYncWJM//pNR1/FOk73GZyYO71HQziYAE=",
        "owner": "UnstoppableMango",
        "repo": "pulumi2nix",
        "rev": "dc68549310a2a72e03b9bbf1c7525684b1052e0b",
        "type": "github"
      },
      "original": {
        "owner": "UnstoppableMango",
        "repo": "pulumi2nix",
        "type": "github"
      }
    },
    "pulumipkgs": {
      "inputs": {
        "flake-parts": [
          "a2b",
          "flake-parts"
        ],
        "nixpkgs": [
          "a2b",
          "nixpkgs"
        ],
        "pulumi2nix": [
          "a2b",
          "pulumi2nix"
        ],
        "systems": [
          "a2b",
          "systems"
        ],
        "treefmt-nix": [
          "a2b",
          "treefmt-nix"
        ]
      },
      "locked": {
        "lastModified": 1789928756,
        "narHash": "sha256-Qo76hdtj/eQX57Atal4W5cYzQKOCHpb+q+BQNJGqpMk=",
        "owner": "unmango",
        "repo": "pulumipkgs",
        "rev": "8041d5053d9ddd23e3d1c0e85d18f41ff3037981",
        "type": "github"
      },
      "original": {
        "owner": "unmango",
        "repo": "pulumipkgs",
        "type": "github"
      }
    },
    "root": {
      "inputs": {
        "a2b": "a2b",
        "flake-parts": "flake-parts",
        "gomod2nix": "gomod2nix_2",
        "mangonix": "mangonix",
        "mangopkgs": "mangopkgs_2",
        "nix2container": [
          "mangopkgs",
          "nix2container"
        ],
        "nixpkgs": [
          "mangopkgs",
          "nixpkgs"
        ],
        "systems": "systems_2",
        "treefmt-nix": "treefmt-nix_2"
      }
    },
    "systems": {
      "locked": {
        "lastModified": 1789010989,
        "narHash": "sha256-irfHSRNJFce/bqbVtioyeZHhYeCPNitpdTL2ljyHVSk=",
        "owner": "UnstoppableMango",
        "repo": "nix-systems",
        "rev": "65a92fc9e5f34414623b90dd0f795d9c2ddf4c40",
        "type": "github"
      },
      "original": {
        "owner": "UnstoppableMango",
        "repo": "nix-systems",
        "type": "github"
      }
    },
    "systems_2": {
      "locked": {
        "lastModified": 1789010989,
        "narHash": "sha256-irfHSRNJFce/bqbVtioyeZHhYeCPNitpdTL2ljyHVSk=",
        "owner": "UnstoppableMango",
        "repo": "nix-systems",
        "rev": "65a92fc9e5f34414623b90dd0f795d9c2ddf4c40",
        "type": "github"
      },
      "original": {
        "owner": "UnstoppableMango",
        "repo": "nix-systems",
        "type": "github"
      }
    },
    "treefmt-nix": {
      "inputs": {
        "nixpkgs": [
          "mangopkgs",
          "nixpkgs"
        ]
      },
      "locked": {
        "lastModified": 1786901030,
        "narHash": "sha256-WSFCsDSE5ffgD2MqzkM2CYjeFiKhRF/dJUN8uedb6YE=",
        "owner": "numtide",
        "repo": "treefmt-nix",
        "rev": "27b3b12a8e6375f28ebe122f07d230ca5459bbfa",
        "type": "github"
      },
      "original": {
        "owner": "numtide",
        "repo": "treefmt-nix",
        "type": "github"
      }
    },
    "treefmt-nix_2": {
      "inputs": {
        "nixpkgs": [
          "nixpkgs"
        ]
      },
      "locked": {
        "lastModified": 1786901030,
        "narHash": "sha256-WSFCsDSE5ffgD2MqzkM2CYjeFiKhRF/dJUN8uedb6YE=",
        "owner": "numtide",
        "repo": "treefmt-nix",
        "rev": "27b3b12a8e6375f28ebe122f07d230ca5459bbfa",
        "type": "github"
      },
      "original": {
        "owner": "numtide",
        "repo": "treefmt-nix",
        "type": "github"
      }
    }
  },
  "root": "root",
  "version": 7
}
